
Microsoft Visual Studio Solution File, Format Version 12.00
# Visual Studio Version 17
VisualStudioVersion = 17.4.33110.190
MinimumVisualStudioVersion = 10.0.40219.1
Project("{FAE04EC0-301F-11D3-BF4B-00C04F79EFBC}") = "ImageStreamService", "ImageStreamService\ImageStreamService.csproj", "{D358F5C5-9129-4B30-85BC-1FE6C29D6B95}"
EndProject
Global
	GlobalSection(SolutionConfigurationPlatforms) = preSolution
		Debug|Any CPU = Debug|Any CPU
		Release|Any CPU = Release|Any CPU
	EndGlobalSection
	GlobalSection(ProjectConfigurationPlatforms) = postSolution
		{D358F5C5-9129-4B30-85BC-1FE6C29D6B95}.Debug|Any CPU.ActiveCfg = Debug|Any CPU
		{D358F5C5-9129-4B30-85BC-1FE6C29D6B95}.Debug|Any CPU.Build.0 = Debug|Any CPU
		{D358F5C5-9129-4B30-85BC-1FE6C29D6B95}.Release|Any CPU.ActiveCfg = Release|Any CPU
		{D358F5C5-9129-4B30-85BC-1FE6C29D6B95}.Release|Any CPU.Build.0 = Release|Any CPU
	EndGlobalSection
	GlobalSection(SolutionProperties) = preSolution
		HideSolutionNode = FALSE
	EndGlobalSection
	GlobalSection(ExtensibilityGlobals) = postSolution
		SolutionGuid = {9390AC0C-CF5D-4CD3-B45D-AD8D3CCB2DE8}
	EndGlobalSection
EndGlobal
